
Microsoft Visual Studio Solution File, Format Version 12.00
# Visual Studio Version 17
VisualStudioVersion = 17.2.32616.157
MinimumVisualStudioVersion = 10.0.40219.1
Project("{FAE04EC0-301F-11D3-BF4B-00C04F79EFBC}") = "GeometricObjectDemo", "Task9lap4\GeometricObjectDemo.csproj", "{B4158AA0-EF0B-49CF-9ADF-2178C15E1C5E}"
EndProject
Global
	GlobalSection(SolutionConfigurationPlatforms) = preSolution
		Debug|Any CPU = Debug|Any CPU
		Release|Any CPU = Release|Any CPU
	EndGlobalSection
	GlobalSection(ProjectConfigurationPlatforms) = postSolution
		{B4158AA0-EF0B-49CF-9ADF-2178C15E1C5E}.Debug|Any CPU.ActiveCfg = Debug|Any CPU
		{B4158AA0-EF0B-49CF-9ADF-2178C15E1C5E}.Debug|Any CPU.Build.0 = Debug|Any CPU
		{B4158AA0-EF0B-49CF-9ADF-2178C15E1C5E}.Release|Any CPU.ActiveCfg = Release|Any CPU
		{B4158AA0-EF0B-49CF-9ADF-2178C15E1C5E}.Release|Any CPU.Build.0 = Release|Any CPU
	EndGlobalSection
	GlobalSection(SolutionProperties) = preSolution
		HideSolutionNode = FALSE
	EndGlobalSection
	GlobalSection(ExtensibilityGlobals) = postSolution
		SolutionGuid = {7B820011-B834-424A-A5C7-BD32AE07900C}
	EndGlobalSection
EndGlobal
